
Microsoft Visual Studio Solution File, Format Version 12.00
# Visual Studio Version 16
VisualStudioVersion = 16.0.30804.86
MinimumVisualStudioVersion = 10.0.40219.1
Project("{FAE04EC0-301F-11D3-BF4B-00C04F79EFBC}") = "ProjetoImagem", "ProjetoImagem.csproj", "{52CD9692-01DF-4922-A19D-7702C9236F9E}"
EndProject
Global
	GlobalSection(SolutionConfigurationPlatforms) = preSolution
		Debug|Any CPU = Debug|Any CPU
		Release|Any CPU = Release|Any CPU
	EndGlobalSection
	GlobalSection(ProjectConfigurationPlatforms) = postSolution
		{52CD9692-01DF-4922-A19D-7702C9236F9E}.Debug|Any CPU.ActiveCfg = Debug|Any CPU
		{52CD9692-01DF-4922-A19D-7702C9236F9E}.Debug|Any CPU.Build.0 = Debug|Any CPU
		{52CD9692-01DF-4922-A19D-7702C9236F9E}.Release|Any CPU.ActiveCfg = Release|Any CPU
		{52CD9692-01DF-4922-A19D-7702C9236F9E}.Release|Any CPU.Build.0 = Release|Any CPU
	EndGlobalSection
	GlobalSection(SolutionProperties) = preSolution
		HideSolutionNode = FALSE
	EndGlobalSection
	GlobalSection(ExtensibilityGlobals) = postSolution
		SolutionGuid = {6F53FED0-B4E5-48D0-BF5E-1DACE5BE6C4D}
	EndGlobalSection
EndGlobal
